
Microsoft Visual Studio Solution File, Format Version 12.00
# Visual Studio Version 17
VisualStudioVersion = 17.5.002.0
MinimumVisualStudioVersion = 10.0.40219.1
Project("{9A19103F-16F7-4668-BE54-9A1E7A4F7556}") = "ForLoopTryParse", "ForLoopTryParse.csproj", "{098CFF44-3703-4F78-ABE1-2731F6E3FFAF}"
EndProject
Global
	GlobalSection(SolutionConfigurationPlatforms) = preSolution
		Debug|Any CPU = Debug|Any CPU
		Release|Any CPU = Release|Any CPU
	EndGlobalSection
	GlobalSection(ProjectConfigurationPlatforms) = postSolution
		{098CFF44-3703-4F78-ABE1-2731F6E3FFAF}.Debug|Any CPU.ActiveCfg = Debug|Any CPU
		{098CFF44-3703-4F78-ABE1-2731F6E3FFAF}.Debug|Any CPU.Build.0 = Debug|Any CPU
		{098CFF44-3703-4F78-ABE1-2731F6E3FFAF}.Release|Any CPU.ActiveCfg = Release|Any CPU
		{098CFF44-3703-4F78-ABE1-2731F6E3FFAF}.Release|Any CPU.Build.0 = Release|Any CPU
	EndGlobalSection
	GlobalSection(SolutionProperties) = preSolution
		HideSolutionNode = FALSE
	EndGlobalSection
	GlobalSection(ExtensibilityGlobals) = postSolution
		SolutionGuid = {FAE93B7E-2D8D-404F-8D22-1DCE9F3AC65D}
	EndGlobalSection
EndGlobal
